
Microsoft Visual Studio Solution File, Format Version 12.00
# Visual Studio Version 16
VisualStudioVersion = 16.0.32510.428
MinimumVisualStudioVersion = 10.0.40219.1
Project("{FAE04EC0-301F-11D3-BF4B-00C04F79EFBC}") = "WinForms_in_sqldb", "WinForms_in_sqldb\WinForms_in_sqldb.csproj", "{BE1F66CA-6949-49C6-A203-CC3AB107D71B}"
EndProject
Global
	GlobalSection(SolutionConfigurationPlatforms) = preSolution
		Debug|Any CPU = Debug|Any CPU
		Release|Any CPU = Release|Any CPU
	EndGlobalSection
	GlobalSection(ProjectConfigurationPlatforms) = postSolution
		{BE1F66CA-6949-49C6-A203-CC3AB107D71B}.Debug|Any CPU.ActiveCfg = Debug|Any CPU
		{BE1F66CA-6949-49C6-A203-CC3AB107D71B}.Debug|Any CPU.Build.0 = Debug|Any CPU
		{BE1F66CA-6949-49C6-A203-CC3AB107D71B}.Release|Any CPU.ActiveCfg = Release|Any CPU
		{BE1F66CA-6949-49C6-A203-CC3AB107D71B}.Release|Any CPU.Build.0 = Release|Any CPU
	EndGlobalSection
	GlobalSection(SolutionProperties) = preSolution
		HideSolutionNode = FALSE
	EndGlobalSection
	GlobalSection(ExtensibilityGlobals) = postSolution
		SolutionGuid = {9CC23003-6B0B-4926-98FE-6E48278D91FF}
	EndGlobalSection
EndGlobal
